
Microsoft Visual Studio Solution File, Format Version 12.00
# Visual Studio Version 17
VisualStudioVersion = 17.3.32929.385
MinimumVisualStudioVersion = 10.0.40219.1
Project("{FAE04EC0-301F-11D3-BF4B-00C04F79EFBC}") = "SiteMVC", "SiteMVC.csproj", "{C48864F9-9031-4110-AFB4-FA92422BE28A}"
EndProject
Global
	GlobalSection(SolutionConfigurationPlatforms) = preSolution
		Debug|Any CPU = Debug|Any CPU
		Release|Any CPU = Release|Any CPU
	EndGlobalSection
	GlobalSection(ProjectConfigurationPlatforms) = postSolution
		{C48864F9-9031-4110-AFB4-FA92422BE28A}.Debug|Any CPU.ActiveCfg = Debug|Any CPU
		{C48864F9-9031-4110-AFB4-FA92422BE28A}.Debug|Any CPU.Build.0 = Debug|Any CPU
		{C48864F9-9031-4110-AFB4-FA92422BE28A}.Release|Any CPU.ActiveCfg = Release|Any CPU
		{C48864F9-9031-4110-AFB4-FA92422BE28A}.Release|Any CPU.Build.0 = Release|Any CPU
	EndGlobalSection
	GlobalSection(SolutionProperties) = preSolution
		HideSolutionNode = FALSE
	EndGlobalSection
	GlobalSection(ExtensibilityGlobals) = postSolution
		SolutionGuid = {FAAFA735-B0A0-456D-A303-6BD335A27967}
	EndGlobalSection
EndGlobal
